
Microsoft Visual Studio Solution File, Format Version 12.00
# Visual Studio 15
VisualStudioVersion = 15.0.28307.136
MinimumVisualStudioVersion = 10.0.40219.1
Project("{9A19103F-16F7-4668-BE54-9A1E7A4F7556}") = "APIJavaCompiler", "WebApplication4\APIJavaCompiler.csproj", "{85D622BD-4858-4F25-8180-031B40EE7450}"
EndProject
Global
	GlobalSection(SolutionConfigurationPlatforms) = preSolution
		Debug|Any CPU = Debug|Any CPU
		Release|Any CPU = Release|Any CPU
	EndGlobalSection
	GlobalSection(ProjectConfigurationPlatforms) = postSolution
		{85D622BD-4858-4F25-8180-031B40EE7450}.Debug|Any CPU.ActiveCfg = Debug|Any CPU
		{85D622BD-4858-4F25-8180-031B40EE7450}.Debug|Any CPU.Build.0 = Debug|Any CPU
		{85D622BD-4858-4F25-8180-031B40EE7450}.Release|Any CPU.ActiveCfg = Release|Any CPU
		{85D622BD-4858-4F25-8180-031B40EE7450}.Release|Any CPU.Build.0 = Release|Any CPU
	EndGlobalSection
	GlobalSection(SolutionProperties) = preSolution
		HideSolutionNode = FALSE
	EndGlobalSection
	GlobalSection(ExtensibilityGlobals) = postSolution
		SolutionGuid = {5A4CD417-DD1A-40AC-A2C8-37DCBE74111D}
	EndGlobalSection
EndGlobal
